
Microsoft Visual Studio Solution File, Format Version 12.00
# Visual Studio Version 16
VisualStudioVersion = 16.0.30503.244
MinimumVisualStudioVersion = 10.0.40219.1
Project("{9A19103F-16F7-4668-BE54-9A1E7A4F7556}") = "SwissPost.StreetDirectory", "SwissPost.StreetDirectory\SwissPost.StreetDirectory.csproj", "{5086E198-4DED-4495-A800-B6F20E788A6B}"
EndProject
Project("{2150E333-8FDC-42A3-9474-1A3956D46DE8}") = "Solution Items", "Solution Items", "{DD2D4CD0-24C5-482E-A36E-E8752824C8A2}"
	ProjectSection(SolutionItems) = preProject
		.editorconfig = .editorconfig
	EndProjectSection
EndProject
Project("{FAE04EC0-301F-11D3-BF4B-00C04F79EFBC}") = "SwissPost.StreetDirectoryTests", "SwissPost.StreetDirectoryTests\SwissPost.StreetDirectoryTests.csproj", "{392D317C-1A60-489C-A33D-5AFCEAAF09B8}"
EndProject
Global
	GlobalSection(SolutionConfigurationPlatforms) = preSolution
		Debug|Any CPU = Debug|Any CPU
		Release|Any CPU = Release|Any CPU
	EndGlobalSection
	GlobalSection(ProjectConfigurationPlatforms) = postSolution
		{5086E198-4DED-4495-A800-B6F20E788A6B}.Debug|Any CPU.ActiveCfg = Debug|Any CPU
		{5086E198-4DED-4495-A800-B6F20E788A6B}.Debug|Any CPU.Build.0 = Debug|Any CPU
		{5086E198-4DED-4495-A800-B6F20E788A6B}.Release|Any CPU.ActiveCfg = Release|Any CPU
		{5086E198-4DED-4495-A800-B6F20E788A6B}.Release|Any CPU.Build.0 = Release|Any CPU
		{392D317C-1A60-489C-A33D-5AFCEAAF09B8}.Debug|Any CPU.ActiveCfg = Debug|Any CPU
		{392D317C-1A60-489C-A33D-5AFCEAAF09B8}.Debug|Any CPU.Build.0 = Debug|Any CPU
		{392D317C-1A60-489C-A33D-5AFCEAAF09B8}.Release|Any CPU.ActiveCfg = Release|Any CPU
		{392D317C-1A60-489C-A33D-5AFCEAAF09B8}.Release|Any CPU.Build.0 = Release|Any CPU
	EndGlobalSection
	GlobalSection(SolutionProperties) = preSolution
		HideSolutionNode = FALSE
	EndGlobalSection
	GlobalSection(ExtensibilityGlobals) = postSolution
		SolutionGuid = {D0B0FAB6-8BB4-4878-AB99-4EB04F930B2E}
	EndGlobalSection
EndGlobal
